// !$*UTF8*$!
{
	archiveVersion = 1;
	classes = {
	};
	objectVersion = 48;
	objects = {

/* Begin PBXBuildFile section */
		54CD288F200C8BC300DA9F62 /* AppDelegate.swift in Sources */ = {isa = PBXBuildFile; fileRef = 54CD288E200C8BC300DA9F62 /* AppDelegate.swift */; };
		54CD2894200C8BC300DA9F62 /* Main.storyboard in Resources */ = {isa = PBXBuildFile; fileRef = 54CD2892200C8BC300DA9F62 /* Main.storyboard */; };
		54CD2896200C8BC300DA9F62 /* Assets.xcassets in Resources */ = {isa = PBXBuildFile; fileRef = 54CD2895200C8BC300DA9F62 /* Assets.xcassets */; };
		54CD2899200C8BC300DA9F62 /* LaunchScreen.storyboard in Resources */ = {isa = PBXBuildFile; fileRef = 54CD2897200C8BC300DA9F62 /* LaunchScreen.storyboard */; };
		54CD28A4200C8BC300DA9F62 /* unit_2_mvvm_unit_testTests.swift in Sources */ = {isa = PBXBuildFile; fileRef = 54CD28A3200C8BC300DA9F62 /* unit_2_mvvm_unit_testTests.swift */; };
		54CD28B3200C909600DA9F62 /* MainInteractor.swift in Sources */ = {isa = PBXBuildFile; fileRef = 54CD28AF200C909600DA9F62 /* MainInteractor.swift */; };
		54CD28B4200C909600DA9F62 /* MainViewModel.swift in Sources */ = {isa = PBXBuildFile; fileRef = 54CD28B0200C909600DA9F62 /* MainViewModel.swift */; };
		54CD28B5200C909600DA9F62 /* MainViewController.swift in Sources */ = {isa = PBXBuildFile; fileRef = 54CD28B2200C909600DA9F62 /* MainViewController.swift */; };
		54CD28B7200C92AB00DA9F62 /* MainService.swift in Sources */ = {isa = PBXBuildFile; fileRef = 54CD28B6200C92AB00DA9F62 /* MainService.swift */; };
		54CD28BA200CB08F00DA9F62 /* BaseNewsModel.swift in Sources */ = {isa = PBXBuildFile; fileRef = 54CD28B9200CB08F00DA9F62 /* BaseNewsModel.swift */; };
		54CD28BC200CB25C00DA9F62 /* ArticleModel.swift in Sources */ = {isa = PBXBuildFile; fileRef = 54CD28BB200CB25C00DA9F62 /* ArticleModel.swift */; };
		54CD28BF200CB54E00DA9F62 /* ArticleResponse.swift in Sources */ = {isa = PBXBuildFile; fileRef = 54CD28BE200CB54E00DA9F62 /* ArticleResponse.swift */; };
		54CD28C1200CCE3700DA9F62 /* NewsTableViewController.swift in Sources */ = {isa = PBXBuildFile; fileRef = 54CD28C0200CCE3700DA9F62 /* NewsTableViewController.swift */; };
		54CD28CA200CD00800DA9F62 /* NewsTableViewCell.swift in Sources */ = {isa = PBXBuildFile; fileRef = 54CD28C8200CD00800DA9F62 /* NewsTableViewCell.swift */; };
		54CD28CB200CD00800DA9F62 /* NewsTableViewCell.xib in Resources */ = {isa = PBXBuildFile; fileRef = 54CD28C9200CD00800DA9F62 /* NewsTableViewCell.xib */; };
		996FAE2FEA0F6C48F3EFF82F /* Pods_unit_2_mvvm_unit_test.framework in Frameworks */ = {isa = PBXBuildFile; fileRef = 18A4E8EA642A80E76E8815FA /* Pods_unit_2_mvvm_unit_test.framework */; };
		BFE936286638E4634557B23C /* Pods_unit_2_mvvm_unit_testTests.framework in Frameworks */ = {isa = PBXBuildFile; fileRef = 13B2BBBE905784BC57B96D7D /* Pods_unit_2_mvvm_unit_testTests.framework */; };
/* End PBXBuildFile section */

/* Begin PBXContainerItemProxy section */
		54CD28A0200C8BC300DA9F62 /* PBXContainerItemProxy */ = {
			isa = PBXContainerItemProxy;
			containerPortal = 54CD2883200C8BC300DA9F62 /* Project object */;
			proxyType = 1;
			remoteGlobalIDString = 54CD288A200C8BC300DA9F62;
			remoteInfo = unit_2_mvvm_unit_test;
		};
/* End PBXContainerItemProxy section */

/* Begin PBXFileReference section */
		13B2BBBE905784BC57B96D7D /* Pods_unit_2_mvvm_unit_testTests.framework */ = {isa = PBXFileReference; explicitFileType = wrapper.framework; includeInIndex = 0; path = Pods_unit_2_mvvm_unit_testTests.framework; sourceTree = BUILT_PRODUCTS_DIR; };
		18A4E8EA642A80E76E8815FA /* Pods_unit_2_mvvm_unit_test.framework */ = {isa = PBXFileReference; explicitFileType = wrapper.framework; includeInIndex = 0; path = Pods_unit_2_mvvm_unit_test.framework; sourceTree = BUILT_PRODUCTS_DIR; };
		548D147C9F3D59DF09DD1361 /* Pods-unit_2_mvvm_unit_test.release.xcconfig */ = {isa = PBXFileReference; includeInIndex = 1; lastKnownFileType = text.xcconfig; name = "Pods-unit_2_mvvm_unit_test.release.xcconfig"; path = "Pods/Target Support Files/Pods-unit_2_mvvm_unit_test/Pods-unit_2_mvvm_unit_test.release.xcconfig"; sourceTree = "<group>"; };
		54CD288B200C8BC300DA9F62 /* unit_2_mvvm_unit_test.app */ = {isa = PBXFileReference; explicitFileType = wrapper.application; includeInIndex = 0; path = unit_2_mvvm_unit_test.app; sourceTree = BUILT_PRODUCTS_DIR; };
		54CD288E200C8BC300DA9F62 /* AppDelegate.swift */ = {isa = PBXFileReference; lastKnownFileType = sourcecode.swift; path = AppDelegate.swift; sourceTree = "<group>"; };
		54CD2893200C8BC300DA9F62 /* Base */ = {isa = PBXFileReference; lastKnownFileType = file.storyboard; name = Base; path = Base.lproj/Main.storyboard; sourceTree = "<group>"; };
		54CD2895200C8BC300DA9F62 /* Assets.xcassets */ = {isa = PBXFileReference; lastKnownFileType = folder.assetcatalog; path = Assets.xcassets; sourceTree = "<group>"; };
		54CD2898200C8BC300DA9F62 /* Base */ = {isa = PBXFileReference; lastKnownFileType = file.storyboard; name = Base; path = Base.lproj/LaunchScreen.storyboard; sourceTree = "<group>"; };
		54CD289A200C8BC300DA9F62 /* Info.plist */ = {isa = PBXFileReference; lastKnownFileType = text.plist.xml; path = Info.plist; sourceTree = "<group>"; };
		54CD289F200C8BC300DA9F62 /* unit_2_mvvm_unit_testTests.xctest */ = {isa = PBXFileReference; explicitFileType = wrapper.cfbundle; includeInIndex = 0; path = unit_2_mvvm_unit_testTests.xctest; sourceTree = BUILT_PRODUCTS_DIR; };
		54CD28A3200C8BC300DA9F62 /* unit_2_mvvm_unit_testTests.swift */ = {isa = PBXFileReference; lastKnownFileType = sourcecode.swift; path = unit_2_mvvm_unit_testTests.swift; sourceTree = "<group>"; };
		54CD28A5200C8BC300DA9F62 /* Info.plist */ = {isa = PBXFileReference; lastKnownFileType = text.plist.xml; path = Info.plist; sourceTree = "<group>"; };
		54CD28AF200C909600DA9F62 /* MainInteractor.swift */ = {isa = PBXFileReference; fileEncoding = 4; lastKnownFileType = sourcecode.swift; path = MainInteractor.swift; sourceTree = "<group>"; };
		54CD28B0200C909600DA9F62 /* MainViewModel.swift */ = {isa = PBXFileReference; fileEncoding = 4; lastKnownFileType = sourcecode.swift; path = MainViewModel.swift; sourceTree = "<group>"; };
		54CD28B2200C909600DA9F62 /* MainViewController.swift */ = {isa = PBXFileReference; fileEncoding = 4; lastKnownFileType = sourcecode.swift; path = MainViewController.swift; sourceTree = "<group>"; };
		54CD28B6200C92AB00DA9F62 /* MainService.swift */ = {isa = PBXFileReference; lastKnownFileType = sourcecode.swift; path = MainService.swift; sourceTree = "<group>"; };
		54CD28B9200CB08F00DA9F62 /* BaseNewsModel.swift */ = {isa = PBXFileReference; lastKnownFileType = sourcecode.swift; path = BaseNewsModel.swift; sourceTree = "<group>"; };
		54CD28BB200CB25C00DA9F62 /* ArticleModel.swift */ = {isa = PBXFileReference; lastKnownFileType = sourcecode.swift; path = ArticleModel.swift; sourceTree = "<group>"; };
		54CD28BE200CB54E00DA9F62 /* ArticleResponse.swift */ = {isa = PBXFileReference; lastKnownFileType = sourcecode.swift; path = ArticleResponse.swift; sourceTree = "<group>"; };
		54CD28C0200CCE3700DA9F62 /* NewsTableViewController.swift */ = {isa = PBXFileReference; lastKnownFileType = sourcecode.swift; path = NewsTableViewController.swift; sourceTree = "<group>"; };
		54CD28C8200CD00800DA9F62 /* NewsTableViewCell.swift */ = {isa = PBXFileReference; lastKnownFileType = sourcecode.swift; path = NewsTableViewCell.swift; sourceTree = "<group>"; };
		54CD28C9200CD00800DA9F62 /* NewsTableViewCell.xib */ = {isa = PBXFileReference; lastKnownFileType = file.xib; path = NewsTableViewCell.xib; sourceTree = "<group>"; };
		A18A08CB745D293A138BD106 /* Pods-unit_2_mvvm_unit_testTests.debug.xcconfig */ = {isa = PBXFileReference; includeInIndex = 1; lastKnownFileType = text.xcconfig; name = "Pods-unit_2_mvvm_unit_testTests.debug.xcconfig"; path = "Pods/Target Support Files/Pods-unit_2_mvvm_unit_testTests/Pods-unit_2_mvvm_unit_testTests.debug.xcconfig"; sourceTree = "<group>"; };
		A7CC2E4CB27A7E98ABE53078 /* Pods-unit_2_mvvm_unit_testTests.release.xcconfig */ = {isa = PBXFileReference; includeInIndex = 1; lastKnownFileType = text.xcconfig; name = "Pods-unit_2_mvvm_unit_testTests.release.xcconfig"; path = "Pods/Target Support Files/Pods-unit_2_mvvm_unit_testTests/Pods-unit_2_mvvm_unit_testTests.release.xcconfig"; sourceTree = "<group>"; };
		D17554A5BAE5BB616E92A91A /* Pods-unit_2_mvvm_unit_test.debug.xcconfig */ = {isa = PBXFileReference; includeInIndex = 1; lastKnownFileType = text.xcconfig; name = "Pods-unit_2_mvvm_unit_test.debug.xcconfig"; path = "Pods/Target Support Files/Pods-unit_2_mvvm_unit_test/Pods-unit_2_mvvm_unit_test.debug.xcconfig"; sourceTree = "<group>"; };
/* End PBXFileReference section */

/* Begin PBXFrameworksBuildPhase section */
		54CD2888200C8BC300DA9F62 /* Frameworks */ = {
			isa = PBXFrameworksBuildPhase;
			buildActionMask = 2147483647;
			files = (
				996FAE2FEA0F6C48F3EFF82F /* Pods_unit_2_mvvm_unit_test.framework in Frameworks */,
			);
			runOnlyForDeploymentPostprocessing = 0;
		};
		54CD289C200C8BC300DA9F62 /* Frameworks */ = {
			isa = PBXFrameworksBuildPhase;
			buildActionMask = 2147483647;
			files = (
				BFE936286638E4634557B23C /* Pods_unit_2_mvvm_unit_testTests.framework in Frameworks */,
			);
			runOnlyForDeploymentPostprocessing = 0;
		};
/* End PBXFrameworksBuildPhase section */

/* Begin PBXGroup section */
		09B7568551E5EDA61F2292AA /* Pods */ = {
			isa = PBXGroup;
			children = (
				D17554A5BAE5BB616E92A91A /* Pods-unit_2_mvvm_unit_test.debug.xcconfig */,
				548D147C9F3D59DF09DD1361 /* Pods-unit_2_mvvm_unit_test.release.xcconfig */,
				A18A08CB745D293A138BD106 /* Pods-unit_2_mvvm_unit_testTests.debug.xcconfig */,
				A7CC2E4CB27A7E98ABE53078 /* Pods-unit_2_mvvm_unit_testTests.release.xcconfig */,
			);
			name = Pods;
			sourceTree = "<group>";
		};
		54CD2882200C8BC300DA9F62 = {
			isa = PBXGroup;
			children = (
				54CD288D200C8BC300DA9F62 /* unit_2_mvvm_unit_test */,
				54CD28A2200C8BC300DA9F62 /* unit_2_mvvm_unit_testTests */,
				54CD288C200C8BC300DA9F62 /* Products */,
				09B7568551E5EDA61F2292AA /* Pods */,
				B8959FA7AC705D7D9CDCFC24 /* Frameworks */,
			);
			sourceTree = "<group>";
		};
		54CD288C200C8BC300DA9F62 /* Products */ = {
			isa = PBXGroup;
			children = (
				54CD288B200C8BC300DA9F62 /* unit_2_mvvm_unit_test.app */,
				54CD289F200C8BC300DA9F62 /* unit_2_mvvm_unit_testTests.xctest */,
			);
			name = Products;
			sourceTree = "<group>";
		};
		54CD288D200C8BC300DA9F62 /* unit_2_mvvm_unit_test */ = {
			isa = PBXGroup;
			children = (
				54CD28B1200C909600DA9F62 /* Controllers */,
				54CD28AE200C909600DA9F62 /* Models */,
				54CD288E200C8BC300DA9F62 /* AppDelegate.swift */,
				54CD2892200C8BC300DA9F62 /* Main.storyboard */,
				54CD2895200C8BC300DA9F62 /* Assets.xcassets */,
				54CD2897200C8BC300DA9F62 /* LaunchScreen.storyboard */,
				54CD289A200C8BC300DA9F62 /* Info.plist */,
			);
			path = unit_2_mvvm_unit_test;
			sourceTree = "<group>";
		};
		54CD28A2200C8BC300DA9F62 /* unit_2_mvvm_unit_testTests */ = {
			isa = PBXGroup;
			children = (
				54CD28A3200C8BC300DA9F62 /* unit_2_mvvm_unit_testTests.swift */,
				54CD28A5200C8BC300DA9F62 /* Info.plist */,
			);
			path = unit_2_mvvm_unit_testTests;
			sourceTree = "<group>";
		};
		54CD28AE200C909600DA9F62 /* Models */ = {
			isa = PBXGroup;
			children = (
				54CD28BD200CB52600DA9F62 /* Response */,
				54CD28B8200CAD7D00DA9F62 /* Mapper */,
				54CD28AF200C909600DA9F62 /* MainInteractor.swift */,
				54CD28B0200C909600DA9F62 /* MainViewModel.swift */,
				54CD28B6200C92AB00DA9F62 /* MainService.swift */,
			);
			path = Models;
			sourceTree = "<group>";
		};
		54CD28B1200C909600DA9F62 /* Controllers */ = {
			isa = PBXGroup;
			children = (
				54CD28C3200CCE6300DA9F62 /* News */,
				54CD28C2200CCE5B00DA9F62 /* Main */,
			);
			path = Controllers;
			sourceTree = "<group>";
		};
		54CD28B8200CAD7D00DA9F62 /* Mapper */ = {
			isa = PBXGroup;
			children = (
				54CD28B9200CB08F00DA9F62 /* BaseNewsModel.swift */,
				54CD28BB200CB25C00DA9F62 /* ArticleModel.swift */,
			);
			path = Mapper;
			sourceTree = "<group>";
		};
		54CD28BD200CB52600DA9F62 /* Response */ = {
			isa = PBXGroup;
			children = (
				54CD28BE200CB54E00DA9F62 /* ArticleResponse.swift */,
			);
			path = Response;
			sourceTree = "<group>";
		};
		54CD28C2200CCE5B00DA9F62 /* Main */ = {
			isa = PBXGroup;
			children = (
				54CD28B2200C909600DA9F62 /* MainViewController.swift */,
			);
			path = Main;
			sourceTree = "<group>";
		};
		54CD28C3200CCE6300DA9F62 /* News */ = {
			isa = PBXGroup;
			children = (
				54CD28C4200CCFB500DA9F62 /* Views */,
				54CD28C0200CCE3700DA9F62 /* NewsTableViewController.swift */,
			);
			path = News;
			sourceTree = "<group>";
		};
		54CD28C4200CCFB500DA9F62 /* Views */ = {
			isa = PBXGroup;
			children = (
				54CD28C5200CCFBB00DA9F62 /* Cell */,
			);
			path = Views;
			sourceTree = "<group>";
		};
		54CD28C5200CCFBB00DA9F62 /* Cell */ = {
			isa = PBXGroup;
			children = (
				54CD28C8200CD00800DA9F62 /* NewsTableViewCell.swift */,
				54CD28C9200CD00800DA9F62 /* NewsTableViewCell.xib */,
			);
			path = Cell;
			sourceTree = "<group>";
		};
		B8959FA7AC705D7D9CDCFC24 /* Frameworks */ = {
			isa = PBXGroup;
			children = (
				18A4E8EA642A80E76E8815FA /* Pods_unit_2_mvvm_unit_test.framework */,
				13B2BBBE905784BC57B96D7D /* Pods_unit_2_mvvm_unit_testTests.framework */,
			);
			name = Frameworks;
			sourceTree = "<group>";
		};
/* End PBXGroup section */

/* Begin PBXNativeTarget section */
		54CD288A200C8BC300DA9F62 /* unit_2_mvvm_unit_test */ = {
			isa = PBXNativeTarget;
			buildConfigurationList = 54CD28A8200C8BC300DA9F62 /* Build configuration list for PBXNativeTarget "unit_2_mvvm_unit_test" */;
			buildPhases = (
				BFF2259D327308964581D200 /* [CP] Check Pods Manifest.lock */,
				54CD2887200C8BC300DA9F62 /* Sources */,
				54CD2888200C8BC300DA9F62 /* Frameworks */,
				54CD2889200C8BC300DA9F62 /* Resources */,
				C55376FDB92C4C906F7E3E51 /* [CP] Embed Pods Frameworks */,
				4947CA18EDBCC3605D7E0A46 /* [CP] Copy Pods Resources */,
			);
			buildRules = (
			);
			dependencies = (
			);
			name = unit_2_mvvm_unit_test;
			productName = unit_2_mvvm_unit_test;
			productReference = 54CD288B200C8BC300DA9F62 /* unit_2_mvvm_unit_test.app */;
			productType = "com.apple.product-type.application";
		};
		54CD289E200C8BC300DA9F62 /* unit_2_mvvm_unit_testTests */ = {
			isa = PBXNativeTarget;
			buildConfigurationList = 54CD28AB200C8BC300DA9F62 /* Build configuration list for PBXNativeTarget "unit_2_mvvm_unit_testTests" */;
			buildPhases = (
				DEAA447CDF2C158297E65277 /* [CP] Check Pods Manifest.lock */,
				54CD289B200C8BC300DA9F62 /* Sources */,
				54CD289C200C8BC300DA9F62 /* Frameworks */,
				54CD289D200C8BC300DA9F62 /* Resources */,
				57F0EEC3F12817BC05D648BF /* [CP] Embed Pods Frameworks */,
				E228274DA420B3D74CB37BF1 /* [CP] Copy Pods Resources */,
			);
			buildRules = (
			);
			dependencies = (
				54CD28A1200C8BC300DA9F62 /* PBXTargetDependency */,
			);
			name = unit_2_mvvm_unit_testTests;
			productName = unit_2_mvvm_unit_testTests;
			productReference = 54CD289F200C8BC300DA9F62 /* unit_2_mvvm_unit_testTests.xctest */;
			productType = "com.apple.product-type.bundle.unit-test";
		};
/* End PBXNativeTarget section */

/* Begin PBXProject section */
		54CD2883200C8BC300DA9F62 /* Project object */ = {
			isa = PBXProject;
			attributes = {
				LastSwiftUpdateCheck = 0920;
				LastUpgradeCheck = 0920;
				ORGANIZATIONNAME = "Komsit Chusangthong";
				TargetAttributes = {
					54CD288A200C8BC300DA9F62 = {
						CreatedOnToolsVersion = 9.2;
						ProvisioningStyle = Automatic;
					};
					54CD289E200C8BC300DA9F62 = {
						CreatedOnToolsVersion = 9.2;
						ProvisioningStyle = Automatic;
						TestTargetID = 54CD288A200C8BC300DA9F62;
					};
				};
			};
			buildConfigurationList = 54CD2886200C8BC300DA9F62 /* Build configuration list for PBXProject "unit_2_mvvm_unit_test" */;
			compatibilityVersion = "Xcode 8.0";
			developmentRegion = en;
			hasScannedForEncodings = 0;
			knownRegions = (
				en,
				Base,
			);
			mainGroup = 54CD2882200C8BC300DA9F62;
			productRefGroup = 54CD288C200C8BC300DA9F62 /* Products */;
			projectDirPath = "";
			projectRoot = "";
			targets = (
				54CD288A200C8BC300DA9F62 /* unit_2_mvvm_unit_test */,
				54CD289E200C8BC300DA9F62 /* unit_2_mvvm_unit_testTests */,
			);
		};
/* End PBXProject section */

/* Begin PBXResourcesBuildPhase section */
		54CD2889200C8BC300DA9F62 /* Resources */ = {
			isa = PBXResourcesBuildPhase;
			buildActionMask = 2147483647;
			files = (
				54CD2899200C8BC300DA9F62 /* LaunchScreen.storyboard in Resources */,
				54CD2896200C8BC300DA9F62 /* Assets.xcassets in Resources */,
				54CD28CB200CD00800DA9F62 /* NewsTableViewCell.xib in Resources */,
				54CD2894200C8BC300DA9F62 /* Main.storyboard in Resources */,
			);
			runOnlyForDeploymentPostprocessing = 0;
		};
		54CD289D200C8BC300DA9F62 /* Resources */ = {
			isa = PBXResourcesBuildPhase;
			buildActionMask = 2147483647;
			files = (
			);
			runOnlyForDeploymentPostprocessing = 0;
		};
/* End PBXResourcesBuildPhase section */

/* Begin PBXShellScriptBuildPhase section */
		4947CA18EDBCC3605D7E0A46 /* [CP] Copy Pods Resources */ = {
			isa = PBXShellScriptBuildPhase;
			buildActionMask = 2147483647;
			files = (
			);
			inputPaths = (
			);
			name = "[CP] Copy Pods Resources";
			outputPaths = (
			);
			runOnlyForDeploymentPostprocessing = 0;
			shellPath = /bin/sh;
			shellScript = "\"${SRCROOT}/Pods/Target Support Files/Pods-unit_2_mvvm_unit_test/Pods-unit_2_mvvm_unit_test-resources.sh\"\n";
			showEnvVarsInLog = 0;
		};
		57F0EEC3F12817BC05D648BF /* [CP] Embed Pods Frameworks */ = {
			isa = PBXShellScriptBuildPhase;
			buildActionMask = 2147483647;
			files = (
			);
			inputPaths = (
			);
			name = "[CP] Embed Pods Frameworks";
			outputPaths = (
			);
			runOnlyForDeploymentPostprocessing = 0;
			shellPath = /bin/sh;
			shellScript = "\"${SRCROOT}/Pods/Target Support Files/Pods-unit_2_mvvm_unit_testTests/Pods-unit_2_mvvm_unit_testTests-frameworks.sh\"\n";
			showEnvVarsInLog = 0;
		};
		BFF2259D327308964581D200 /* [CP] Check Pods Manifest.lock */ = {
			isa = PBXShellScriptBuildPhase;
			buildActionMask = 2147483647;
			files = (
			);
			inputPaths = (
				"${PODS_PODFILE_DIR_PATH}/Podfile.lock",
				"${PODS_ROOT}/Manifest.lock",
			);
			name = "[CP] Check Pods Manifest.lock";
			outputPaths = (
				"$(DERIVED_FILE_DIR)/Pods-unit_2_mvvm_unit_test-checkManifestLockResult.txt",
			);
			runOnlyForDeploymentPostprocessing = 0;
			shellPath = /bin/sh;
			shellScript = "diff \"${PODS_PODFILE_DIR_PATH}/Podfile.lock\" \"${PODS_ROOT}/Manifest.lock\" > /dev/null\nif [ $? != 0 ] ; then\n    # print error to STDERR\n    echo \"error: The sandbox is not in sync with the Podfile.lock. Run 'pod install' or update your CocoaPods installation.\" >&2\n    exit 1\nfi\n# This output is used by Xcode 'outputs' to avoid re-running this script phase.\necho \"SUCCESS\" > \"${SCRIPT_OUTPUT_FILE_0}\"\n";
			showEnvVarsInLog = 0;
		};
		C55376FDB92C4C906F7E3E51 /* [CP] Embed Pods Frameworks */ = {
			isa = PBXShellScriptBuildPhase;
			buildActionMask = 2147483647;
			files = (
			);
			inputPaths = (
				"${SRCROOT}/Pods/Target Support Files/Pods-unit_2_mvvm_unit_test/Pods-unit_2_mvvm_unit_test-frameworks.sh",
				"${BUILT_PRODUCTS_DIR}/ObjectMapper/ObjectMapper.framework",
				"${BUILT_PRODUCTS_DIR}/SDWebImage/SDWebImage.framework",
			);
			name = "[CP] Embed Pods Frameworks";
			outputPaths = (
				"${TARGET_BUILD_DIR}/${FRAMEWORKS_FOLDER_PATH}/ObjectMapper.framework",
				"${TARGET_BUILD_DIR}/${FRAMEWORKS_FOLDER_PATH}/SDWebImage.framework",
			);
			runOnlyForDeploymentPostprocessing = 0;
			shellPath = /bin/sh;
			shellScript = "\"${SRCROOT}/Pods/Target Support Files/Pods-unit_2_mvvm_unit_test/Pods-unit_2_mvvm_unit_test-frameworks.sh\"\n";
			showEnvVarsInLog = 0;
		};
		DEAA447CDF2C158297E65277 /* [CP] Check Pods Manifest.lock */ = {
			isa = PBXShellScriptBuildPhase;
			buildActionMask = 2147483647;
			files = (
			);
			inputPaths = (
				"${PODS_PODFILE_DIR_PATH}/Podfile.lock",
				"${PODS_ROOT}/Manifest.lock",
			);
			name = "[CP] Check Pods Manifest.lock";
			outputPaths = (
				"$(DERIVED_FILE_DIR)/Pods-unit_2_mvvm_unit_testTests-checkManifestLockResult.txt",
			);
			runOnlyForDeploymentPostprocessing = 0;
			shellPath = /bin/sh;
			shellScript = "diff \"${PODS_PODFILE_DIR_PATH}/Podfile.lock\" \"${PODS_ROOT}/Manifest.lock\" > /dev/null\nif [ $? != 0 ] ; then\n    # print error to STDERR\n    echo \"error: The sandbox is not in sync with the Podfile.lock. Run 'pod install' or update your CocoaPods installation.\" >&2\n    exit 1\nfi\n# This output is used by Xcode 'outputs' to avoid re-running this script phase.\necho \"SUCCESS\" > \"${SCRIPT_OUTPUT_FILE_0}\"\n";
			showEnvVarsInLog = 0;
		};
		E228274DA420B3D74CB37BF1 /* [CP] Copy Pods Resources */ = {
			isa = PBXShellScriptBuildPhase;
			buildActionMask = 2147483647;
			files = (
			);
			inputPaths = (
			);
			name = "[CP] Copy Pods Resources";
			outputPaths = (
			);
			runOnlyForDeploymentPostprocessing = 0;
			shellPath = /bin/sh;
			shellScript = "\"${SRCROOT}/Pods/Target Support Files/Pods-unit_2_mvvm_unit_testTests/Pods-unit_2_mvvm_unit_testTests-resources.sh\"\n";
			showEnvVarsInLog = 0;
		};
/* End PBXShellScriptBuildPhase section */

/* Begin PBXSourcesBuildPhase section */
		54CD2887200C8BC300DA9F62 /* Sources */ = {
			isa = PBXSourcesBuildPhase;
			buildActionMask = 2147483647;
			files = (
				54CD288F200C8BC300DA9F62 /* AppDelegate.swift in Sources */,
				54CD28BA200CB08F00DA9F62 /* BaseNewsModel.swift in Sources */,
				54CD28CA200CD00800DA9F62 /* NewsTableViewCell.swift in Sources */,
				54CD28B7200C92AB00DA9F62 /* MainService.swift in Sources */,
				54CD28BF200CB54E00DA9F62 /* ArticleResponse.swift in Sources */,
				54CD28B3200C909600DA9F62 /* MainInteractor.swift in Sources */,
				54CD28B4200C909600DA9F62 /* MainViewModel.swift in Sources */,
				54CD28BC200CB25C00DA9F62 /* ArticleModel.swift in Sources */,
				54CD28B5200C909600DA9F62 /* MainViewController.swift in Sources */,
				54CD28C1200CCE3700DA9F62 /* NewsTableViewController.swift in Sources */,
			);
			runOnlyForDeploymentPostprocessing = 0;
		};
		54CD289B200C8BC300DA9F62 /* Sources */ = {
			isa = PBXSourcesBuildPhase;
			buildActionMask = 2147483647;
			files = (
				54CD28A4200C8BC300DA9F62 /* unit_2_mvvm_unit_testTests.swift in Sources */,
			);
			runOnlyForDeploymentPostprocessing = 0;
		};
/* End PBXSourcesBuildPhase section */

/* Begin PBXTargetDependency section */
		54CD28A1200C8BC300DA9F62 /* PBXTargetDependency */ = {
			isa = PBXTargetDependency;
			target = 54CD288A200C8BC300DA9F62 /* unit_2_mvvm_unit_test */;
			targetProxy = 54CD28A0200C8BC300DA9F62 /* PBXContainerItemProxy */;
		};
/* End PBXTargetDependency section */

/* Begin PBXVariantGroup section */
		54CD2892200C8BC300DA9F62 /* Main.storyboard */ = {
			isa = PBXVariantGroup;
			children = (
				54CD2893200C8BC300DA9F62 /* Base */,
			);
			name = Main.storyboard;
			sourceTree = "<group>";
		};
		54CD2897200C8BC300DA9F62 /* LaunchScreen.storyboard */ = {
			isa = PBXVariantGroup;
			children = (
				54CD2898200C8BC300DA9F62 /* Base */,
			);
			name = LaunchScreen.storyboard;
			sourceTree = "<group>";
		};
/* End PBXVariantGroup section */

/* Begin XCBuildConfiguration section */
		54CD28A6200C8BC300DA9F62 /* Debug */ = {
			isa = XCBuildConfiguration;
			buildSettings = {
				ALWAYS_SEARCH_USER_PATHS = NO;
				CLANG_ANALYZER_NONNULL = YES;
				CLANG_ANALYZER_NUMBER_OBJECT_CONVERSION = YES_AGGRESSIVE;
				CLANG_CXX_LANGUAGE_STANDARD = "gnu++14";
				CLANG_CXX_LIBRARY = "libc++";
				CLANG_ENABLE_MODULES = YES;
				CLANG_ENABLE_OBJC_ARC = YES;
				CLANG_WARN_BLOCK_CAPTURE_AUTORELEASING = YES;
				CLANG_WARN_BOOL_CONVERSION = YES;
				CLANG_WARN_COMMA = YES;
				CLANG_WARN_CONSTANT_CONVERSION = YES;
				CLANG_WARN_DIRECT_OBJC_ISA_USAGE = YES_ERROR;
				CLANG_WARN_DOCUMENTATION_COMMENTS = YES;
				CLANG_WARN_EMPTY_BODY = YES;
				CLANG_WARN_ENUM_CONVERSION = YES;
				CLANG_WARN_INFINITE_RECURSION = YES;
				CLANG_WARN_INT_CONVERSION = YES;
				CLANG_WARN_NON_LITERAL_NULL_CONVERSION = YES;
				CLANG_WARN_OBJC_LITERAL_CONVERSION = YES;
				CLANG_WARN_OBJC_ROOT_CLASS = YES_ERROR;
				CLANG_WARN_RANGE_LOOP_ANALYSIS = YES;
				CLANG_WARN_STRICT_PROTOTYPES = YES;
				CLANG_WARN_SUSPICIOUS_MOVE = YES;
				CLANG_WARN_UNGUARDED_AVAILABILITY = YES_AGGRESSIVE;
				CLANG_WARN_UNREACHABLE_CODE = YES;
				CLANG_WARN__DUPLICATE_METHOD_MATCH = YES;
				CODE_SIGN_IDENTITY = "iPhone Developer";
				COPY_PHASE_STRIP = NO;
				DEBUG_INFORMATION_FORMAT = dwarf;
				ENABLE_STRICT_OBJC_MSGSEND = YES;
				ENABLE_TESTABILITY = YES;
				GCC_C_LANGUAGE_STANDARD = gnu11;
				GCC_DYNAMIC_NO_PIC = NO;
				GCC_NO_COMMON_BLOCKS = YES;
				GCC_OPTIMIZATION_LEVEL = 0;
				GCC_PREPROCESSOR_DEFINITIONS = (
					"DEBUG=1",
					"$(inherited)",
				);
				GCC_WARN_64_TO_32_BIT_CONVERSION = YES;
				GCC_WARN_ABOUT_RETURN_TYPE = YES_ERROR;
				GCC_WARN_UNDECLARED_SELECTOR = YES;
				GCC_WARN_UNINITIALIZED_AUTOS = YES_AGGRESSIVE;
				GCC_WARN_UNUSED_FUNCTION = YES;
				GCC_WARN_UNUSED_VARIABLE = YES;
				IPHONEOS_DEPLOYMENT_TARGET = 11.2;
				MTL_ENABLE_DEBUG_INFO = YES;
				ONLY_ACTIVE_ARCH = YES;
				SDKROOT = iphoneos;
				SWIFT_ACTIVE_COMPILATION_CONDITIONS = DEBUG;
				SWIFT_OPTIMIZATION_LEVEL = "-Onone";
			};
			name = Debug;
		};
		54CD28A7200C8BC300DA9F62 /* Release */ = {
			isa = XCBuildConfiguration;
			buildSettings = {
				ALWAYS_SEARCH_USER_PATHS = NO;
				CLANG_ANALYZER_NONNULL = YES;
				CLANG_ANALYZER_NUMBER_OBJECT_CONVERSION = YES_AGGRESSIVE;
				CLANG_CXX_LANGUAGE_STANDARD = "gnu++14";
				CLANG_CXX_LIBRARY = "libc++";
				CLANG_ENABLE_MODULES = YES;
				CLANG_ENABLE_OBJC_ARC = YES;
				CLANG_WARN_BLOCK_CAPTURE_AUTORELEASING = YES;
				CLANG_WARN_BOOL_CONVERSION = YES;
				CLANG_WARN_COMMA = YES;
				CLANG_WARN_CONSTANT_CONVERSION = YES;
				CLANG_WARN_DIRECT_OBJC_ISA_USAGE = YES_ERROR;
				CLANG_WARN_DOCUMENTATION_COMMENTS = YES;
				CLANG_WARN_EMPTY_BODY = YES;
				CLANG_WARN_ENUM_CONVERSION = YES;
				CLANG_WARN_INFINITE_RECURSION = YES;
				CLANG_WARN_INT_CONVERSION = YES;
				CLANG_WARN_NON_LITERAL_NULL_CONVERSION = YES;
				CLANG_WARN_OBJC_LITERAL_CONVERSION = YES;
				CLANG_WARN_OBJC_ROOT_CLASS = YES_ERROR;
				CLANG_WARN_RANGE_LOOP_ANALYSIS = YES;
				CLANG_WARN_STRICT_PROTOTYPES = YES;
				CLANG_WARN_SUSPICIOUS_MOVE = YES;
				CLANG_WARN_UNGUARDED_AVAILABILITY = YES_AGGRESSIVE;
				CLANG_WARN_UNREACHABLE_CODE = YES;
				CLANG_WARN__DUPLICATE_METHOD_MATCH = YES;
				CODE_SIGN_IDENTITY = "iPhone Developer";
				COPY_PHASE_STRIP = NO;
				DEBUG_INFORMATION_FORMAT = "dwarf-with-dsym";
				ENABLE_NS_ASSERTIONS = NO;
				ENABLE_STRICT_OBJC_MSGSEND = YES;
				GCC_C_LANGUAGE_STANDARD = gnu11;
				GCC_NO_COMMON_BLOCKS = YES;
				GCC_WARN_64_TO_32_BIT_CONVERSION = YES;
				GCC_WARN_ABOUT_RETURN_TYPE = YES_ERROR;
				GCC_WARN_UNDECLARED_SELECTOR = YES;
				GCC_WARN_UNINITIALIZED_AUTOS = YES_AGGRESSIVE;
				GCC_WARN_UNUSED_FUNCTION = YES;
				GCC_WARN_UNUSED_VARIABLE = YES;
				IPHONEOS_DEPLOYMENT_TARGET = 11.2;
				MTL_ENABLE_DEBUG_INFO = NO;
				SDKROOT = iphoneos;
				SWIFT_OPTIMIZATION_LEVEL = "-Owholemodule";
				VALIDATE_PRODUCT = YES;
			};
			name = Release;
		};
		54CD28A9200C8BC300DA9F62 /* Debug */ = {
			isa = XCBuildConfiguration;
			baseConfigurationReference = D17554A5BAE5BB616E92A91A /* Pods-unit_2_mvvm_unit_test.debug.xcconfig */;
			buildSettings = {
				ASSETCATALOG_COMPILER_APPICON_NAME = AppIcon;
				CODE_SIGN_STYLE = Automatic;
				DEVELOPMENT_TEAM = CZS5M9529T;
				INFOPLIST_FILE = unit_2_mvvm_unit_test/Info.plist;
				IPHONEOS_DEPLOYMENT_TARGET = 10.0;
				LD_RUNPATH_SEARCH_PATHS = "$(inherited) @executable_path/Frameworks";
				PRODUCT_BUNDLE_IDENTIFIER = "com.komsit.unit-2-mvvm-unit-test";
				PRODUCT_NAME = "$(TARGET_NAME)";
				SWIFT_VERSION = 4.0;
				TARGETED_DEVICE_FAMILY = "1,2";
			};
			name = Debug;
		};
		54CD28AA200C8BC300DA9F62 /* Release */ = {
			isa = XCBuildConfiguration;
			baseConfigurationReference = 548D147C9F3D59DF09DD1361 /* Pods-unit_2_mvvm_unit_test.release.xcconfig */;
			buildSettings = {
				ASSETCATALOG_COMPILER_APPICON_NAME = AppIcon;
				CODE_SIGN_STYLE = Automatic;
				DEVELOPMENT_TEAM = CZS5M9529T;
				INFOPLIST_FILE = unit_2_mvvm_unit_test/Info.plist;
				IPHONEOS_DEPLOYMENT_TARGET = 10.0;
				LD_RUNPATH_SEARCH_PATHS = "$(inherited) @executable_path/Frameworks";
				PRODUCT_BUNDLE_IDENTIFIER = "com.komsit.unit-2-mvvm-unit-test";
				PRODUCT_NAME = "$(TARGET_NAME)";
				SWIFT_VERSION = 4.0;
				TARGETED_DEVICE_FAMILY = "1,2";
			};
			name = Release;
		};
		54CD28AC200C8BC300DA9F62 /* Debug */ = {
			isa = XCBuildConfiguration;
			baseConfigurationReference = A18A08CB745D293A138BD106 /* Pods-unit_2_mvvm_unit_testTests.debug.xcconfig */;
			buildSettings = {
				ALWAYS_EMBED_SWIFT_STANDARD_LIBRARIES = YES;
				BUNDLE_LOADER = "$(TEST_HOST)";
				CODE_SIGN_STYLE = Automatic;
				DEVELOPMENT_TEAM = CZS5M9529T;
				INFOPLIST_FILE = unit_2_mvvm_unit_testTests/Info.plist;
				LD_RUNPATH_SEARCH_PATHS = "$(inherited) @executable_path/Frameworks @loader_path/Frameworks";
				PRODUCT_BUNDLE_IDENTIFIER = "com.komsit.unit-2-mvvm-unit-testTests";
				PRODUCT_NAME = "$(TARGET_NAME)";
				SWIFT_VERSION = 4.0;
				TARGETED_DEVICE_FAMILY = "1,2";
				TEST_HOST = "$(BUILT_PRODUCTS_DIR)/unit_2_mvvm_unit_test.app/unit_2_mvvm_unit_test";
			};
			name = Debug;
		};
		54CD28AD200C8BC300DA9F62 /* Release */ = {
			isa = XCBuildConfiguration;
			baseConfigurationReference = A7CC2E4CB27A7E98ABE53078 /* Pods-unit_2_mvvm_unit_testTests.release.xcconfig */;
			buildSettings = {
				ALWAYS_EMBED_SWIFT_STANDARD_LIBRARIES = YES;
				BUNDLE_LOADER = "$(TEST_HOST)";
				CODE_SIGN_STYLE = Automatic;
				DEVELOPMENT_TEAM = CZS5M9529T;
				INFOPLIST_FILE = unit_2_mvvm_unit_testTests/Info.plist;
				LD_RUNPATH_SEARCH_PATHS = "$(inherited) @executable_path/Frameworks @loader_path/Frameworks";
				PRODUCT_BUNDLE_IDENTIFIER = "com.komsit.unit-2-mvvm-unit-testTests";
				PRODUCT_NAME = "$(TARGET_NAME)";
				SWIFT_VERSION = 4.0;
				TARGETED_DEVICE_FAMILY = "1,2";
				TEST_HOST = "$(BUILT_PRODUCTS_DIR)/unit_2_mvvm_unit_test.app/unit_2_mvvm_unit_test";
			};
			name = Release;
		};
/* End XCBuildConfiguration section */

/* Begin XCConfigurationList section */
		54CD2886200C8BC300DA9F62 /* Build configuration list for PBXProject "unit_2_mvvm_unit_test" */ = {
			isa = XCConfigurationList;
			buildConfigurations = (
				54CD28A6200C8BC300DA9F62 /* Debug */,
				54CD28A7200C8BC300DA9F62 /* Release */,
			);
			defaultConfigurationIsVisible = 0;
			defaultConfigurationName = Release;
		};
		54CD28A8200C8BC300DA9F62 /* Build configuration list for PBXNativeTarget "unit_2_mvvm_unit_test" */ = {
			isa = XCConfigurationList;
			buildConfigurations = (
				54CD28A9200C8BC300DA9F62 /* Debug */,
				54CD28AA200C8BC300DA9F62 /* Release */,
			);
			defaultConfigurationIsVisible = 0;
			defaultConfigurationName = Release;
		};
		54CD28AB200C8BC300DA9F62 /* Build configuration list for PBXNativeTarget "unit_2_mvvm_unit_testTests" */ = {
			isa = XCConfigurationList;
			buildConfigurations = (
				54CD28AC200C8BC300DA9F62 /* Debug */,
				54CD28AD200C8BC300DA9F62 /* Release */,
			);
			defaultConfigurationIsVisible = 0;
			defaultConfigurationName = Release;
		};
/* End XCConfigurationList section */
	};
	rootObject = 54CD2883200C8BC300DA9F62 /* Project object */;
}
